github.com/cpuguy83/go-md2man/v2 v2.0.3 h1:qMCsGGgs+MAzDFyp9LpAe1Lqy/fY/qCovCm0qnXZOBM=
github.com/cpuguy83/go-md2man/v2 v2.0.3/go.mod h1:tgQtvFlXSQOSOSIRvRPT7W67SCa46tRHOmNcaadrF8o=
github.com/russross/blackfriday/v2 v2.1.0 h1:JIOH55/0cWyOuilr9/qlrm0BSXldqnqwMsf35Ld67mk=
github.com/russross/blackfriday/v2 v2.1.0/go.mod h1:+Rmxgy9KzJVeS9/2gXHxylqXiyQDYRxCVz55jmeOWTM=
github.com/tufanbarisyildirim/gonginx v0.0.0-20230627120331-964b6ae8380e h1:JYgfaWgSaQhQ8Zz4XuBMnk+cebPC8cSnhCeHfGgJ5EI=
github.com/tufanbarisyildirim/gonginx v0.0.0-20230627120331-964b6ae8380e/go.mod h1:4fTjBxMoWGOIVnGFSTS9GAZ0yMyiGzTdATQS0krQv18=
github.com/tufanbarisyildirim/gonginx v0.0.0-20231107203343-ac109119e397 h1:RVpbsKqnPMw9SMmY7WJXVjE9Z2q5BaYFMMegw2LPp1A=
github.com/tufanbarisyildirim/gonginx v0.0.0-20231107203343-ac109119e397/go.mod h1:4fTjBxMoWGOIVnGFSTS9GAZ0yMyiGzTdATQS0krQv18=
github.com/tufanbarisyildirim/gonginx v0.0.0-20231116154738-5dd06bb2938b h1:RBedKep0bACMIX35bTac14nNTrdxP1orDe6UsLnXyws=
github.com/tufanbarisyildirim/gonginx v0.0.0-20231116154738-5dd06bb2938b/go.mod h1:4fTjBxMoWGOIVnGFSTS9GAZ0yMyiGzTdATQS0krQv18=
github.com/urfave/cli/v2 v2.25.7 h1:VAzn5oq403l5pHjc4OhD54+XGO9cdKVL/7lDjF+iKUs=
github.com/urfave/cli/v2 v2.25.7/go.mod h1:8qnjx1vcq5s2/wpsqoZFndg2CE5tNFyrTvS6SinrnYQ=
github.com/xrash/smetrics v0.0.0-20201216005158-039620a65673 h1:bAn7/zixMGCfxrRTfdpNzjtPYqr8smhKouy9mxVdGPU=
github.com/xrash/smetrics v0.0.0-20201216005158-039620a65673/go.mod h1:N3UwUGtsrSj3ccvlPHLoLsHnpR27oXr4ZE984MbSER8=
